
Microsoft Visual Studio Solution File, Format Version 12.00
# Visual Studio Version 17
VisualStudioVersion = 17.5.33516.290
MinimumVisualStudioVersion = 10.0.40219.1
Project("{FAE04EC0-301F-11D3-BF4B-00C04F79EFBC}") = "GeometryTest", "GeometryTest\GeometryTest.csproj", "{9B290236-6A98-471E-960A-A337EF879009}"
EndProject
Global
	GlobalSection(SolutionConfigurationPlatforms) = preSolution
		Debug|Any CPU = Debug|Any CPU
		Release|Any CPU = Release|Any CPU
	EndGlobalSection
	GlobalSection(ProjectConfigurationPlatforms) = postSolution
		{9B290236-6A98-471E-960A-A337EF879009}.Debug|Any CPU.ActiveCfg = Debug|Any CPU
		{9B290236-6A98-471E-960A-A337EF879009}.Debug|Any CPU.Build.0 = Debug|Any CPU
		{9B290236-6A98-471E-960A-A337EF879009}.Release|Any CPU.ActiveCfg = Release|Any CPU
		{9B290236-6A98-471E-960A-A337EF879009}.Release|Any CPU.Build.0 = Release|Any CPU
	EndGlobalSection
	GlobalSection(SolutionProperties) = preSolution
		HideSolutionNode = FALSE
	EndGlobalSection
	GlobalSection(ExtensibilityGlobals) = postSolution
		SolutionGuid = {A1CF0B39-C67D-4032-A1B0-EE252C8CA610}
	EndGlobalSection
EndGlobal
